
Microsoft Visual Studio Solution File, Format Version 12.00
# Visual Studio Version 17
VisualStudioVersion = 17.4.33213.308
MinimumVisualStudioVersion = 10.0.40219.1
Project("{FAE04EC0-301F-11D3-BF4B-00C04F79EFBC}") = "SafeAndThief", "SafeAndThief.csproj", "{AE0F83BB-F70C-4F7A-B8AD-8135F829E649}"
EndProject
Global
	GlobalSection(SolutionConfigurationPlatforms) = preSolution
		Debug|Any CPU = Debug|Any CPU
		Release|Any CPU = Release|Any CPU
	EndGlobalSection
	GlobalSection(ProjectConfigurationPlatforms) = postSolution
		{AE0F83BB-F70C-4F7A-B8AD-8135F829E649}.Debug|Any CPU.ActiveCfg = Debug|Any CPU
		{AE0F83BB-F70C-4F7A-B8AD-8135F829E649}.Debug|Any CPU.Build.0 = Debug|Any CPU
		{AE0F83BB-F70C-4F7A-B8AD-8135F829E649}.Release|Any CPU.ActiveCfg = Release|Any CPU
		{AE0F83BB-F70C-4F7A-B8AD-8135F829E649}.Release|Any CPU.Build.0 = Release|Any CPU
	EndGlobalSection
	GlobalSection(SolutionProperties) = preSolution
		HideSolutionNode = FALSE
	EndGlobalSection
	GlobalSection(ExtensibilityGlobals) = postSolution
		SolutionGuid = {05FC7AC0-C11B-4FAF-8387-0015B5988F04}
	EndGlobalSection
EndGlobal
