
Microsoft Visual Studio Solution File, Format Version 12.00
# Visual Studio Version 17
VisualStudioVersion = 17.4.33213.308
MinimumVisualStudioVersion = 10.0.40219.1
Project("{9A19103F-16F7-4668-BE54-9A1E7A4F7556}") = "JimmyLinq", "JimmyLinq.csproj", "{241F07D9-5CC3-4D85-B512-4771D6B814AD}"
EndProject
Project("{FAE04EC0-301F-11D3-BF4B-00C04F79EFBC}") = "JimmyLinqUnitTests", "..\JimmyLinqUnitTests\JimmyLinqUnitTests.csproj", "{B7D7E4A1-16A4-4ABB-B73A-626C984D2D0C}"
EndProject
Global
	GlobalSection(SolutionConfigurationPlatforms) = preSolution
		Debug|Any CPU = Debug|Any CPU
		Release|Any CPU = Release|Any CPU
	EndGlobalSection
	GlobalSection(ProjectConfigurationPlatforms) = postSolution
		{241F07D9-5CC3-4D85-B512-4771D6B814AD}.Debug|Any CPU.ActiveCfg = Debug|Any CPU
		{241F07D9-5CC3-4D85-B512-4771D6B814AD}.Debug|Any CPU.Build.0 = Debug|Any CPU
		{241F07D9-5CC3-4D85-B512-4771D6B814AD}.Release|Any CPU.ActiveCfg = Release|Any CPU
		{241F07D9-5CC3-4D85-B512-4771D6B814AD}.Release|Any CPU.Build.0 = Release|Any CPU
		{B7D7E4A1-16A4-4ABB-B73A-626C984D2D0C}.Debug|Any CPU.ActiveCfg = Debug|Any CPU
		{B7D7E4A1-16A4-4ABB-B73A-626C984D2D0C}.Debug|Any CPU.Build.0 = Debug|Any CPU
		{B7D7E4A1-16A4-4ABB-B73A-626C984D2D0C}.Release|Any CPU.ActiveCfg = Release|Any CPU
		{B7D7E4A1-16A4-4ABB-B73A-626C984D2D0C}.Release|Any CPU.Build.0 = Release|Any CPU
	EndGlobalSection
	GlobalSection(SolutionProperties) = preSolution
		HideSolutionNode = FALSE
	EndGlobalSection
	GlobalSection(ExtensibilityGlobals) = postSolution
		SolutionGuid = {C4E266A3-1F1F-4F60-A10F-874DE93375F5}
	EndGlobalSection
EndGlobal
