
Microsoft Visual Studio Solution File, Format Version 12.00
# Visual Studio Version 17
VisualStudioVersion = 17.4.33213.308
MinimumVisualStudioVersion = 10.0.40219.1
Project("{9A19103F-16F7-4668-BE54-9A1E7A4F7556}") = "SolvingStrings", "SolvingStrings.csproj", "{8282576D-2FC7-4530-9FAC-FBE26AD827E8}"
EndProject
Project("{FAE04EC0-301F-11D3-BF4B-00C04F79EFBC}") = "SolvingStringsTests", "..\SolvingStringsTests\SolvingStringsTests.csproj", "{09D63A87-6EF2-48E3-A1E5-9ACB721D79D5}"
EndProject
Global
	GlobalSection(SolutionConfigurationPlatforms) = preSolution
		Debug|Any CPU = Debug|Any CPU
		Release|Any CPU = Release|Any CPU
	EndGlobalSection
	GlobalSection(ProjectConfigurationPlatforms) = postSolution
		{8282576D-2FC7-4530-9FAC-FBE26AD827E8}.Debug|Any CPU.ActiveCfg = Debug|Any CPU
		{8282576D-2FC7-4530-9FAC-FBE26AD827E8}.Debug|Any CPU.Build.0 = Debug|Any CPU
		{8282576D-2FC7-4530-9FAC-FBE26AD827E8}.Release|Any CPU.ActiveCfg = Release|Any CPU
		{8282576D-2FC7-4530-9FAC-FBE26AD827E8}.Release|Any CPU.Build.0 = Release|Any CPU
		{09D63A87-6EF2-48E3-A1E5-9ACB721D79D5}.Debug|Any CPU.ActiveCfg = Debug|Any CPU
		{09D63A87-6EF2-48E3-A1E5-9ACB721D79D5}.Debug|Any CPU.Build.0 = Debug|Any CPU
		{09D63A87-6EF2-48E3-A1E5-9ACB721D79D5}.Release|Any CPU.ActiveCfg = Release|Any CPU
		{09D63A87-6EF2-48E3-A1E5-9ACB721D79D5}.Release|Any CPU.Build.0 = Release|Any CPU
	EndGlobalSection
	GlobalSection(SolutionProperties) = preSolution
		HideSolutionNode = FALSE
	EndGlobalSection
	GlobalSection(ExtensibilityGlobals) = postSolution
		SolutionGuid = {BF24A986-A72F-461B-A378-EB7AE96A09E4}
	EndGlobalSection
EndGlobal
