
Microsoft Visual Studio Solution File, Format Version 12.00
# Visual Studio Version 17
VisualStudioVersion = 17.4.33205.214
MinimumVisualStudioVersion = 10.0.40219.1
Project("{FAE04EC0-301F-11D3-BF4B-00C04F79EFBC}") = "DSDay1", "DSDay1.csproj", "{9AF755A6-66F7-4E8E-966D-238EA445C74A}"
EndProject
Global
	GlobalSection(SolutionConfigurationPlatforms) = preSolution
		Debug|Any CPU = Debug|Any CPU
		Release|Any CPU = Release|Any CPU
	EndGlobalSection
	GlobalSection(ProjectConfigurationPlatforms) = postSolution
		{9AF755A6-66F7-4E8E-966D-238EA445C74A}.Debug|Any CPU.ActiveCfg = Debug|Any CPU
		{9AF755A6-66F7-4E8E-966D-238EA445C74A}.Debug|Any CPU.Build.0 = Debug|Any CPU
		{9AF755A6-66F7-4E8E-966D-238EA445C74A}.Release|Any CPU.ActiveCfg = Release|Any CPU
		{9AF755A6-66F7-4E8E-966D-238EA445C74A}.Release|Any CPU.Build.0 = Release|Any CPU
	EndGlobalSection
	GlobalSection(SolutionProperties) = preSolution
		HideSolutionNode = FALSE
	EndGlobalSection
	GlobalSection(ExtensibilityGlobals) = postSolution
		SolutionGuid = {4347D0B1-04B3-4527-A947-6BB4B5179B54}
	EndGlobalSection
EndGlobal
