
Microsoft Visual Studio Solution File, Format Version 12.00
# Visual Studio Version 17
VisualStudioVersion = 17.4.33205.214
MinimumVisualStudioVersion = 10.0.40219.1
Project("{9A19103F-16F7-4668-BE54-9A1E7A4F7556}") = "PSDay3-4", "PSDay3-4.csproj", "{46F85A07-D045-4D26-9114-73B93855CD0E}"
EndProject
Global
	GlobalSection(SolutionConfigurationPlatforms) = preSolution
		Debug|Any CPU = Debug|Any CPU
		Release|Any CPU = Release|Any CPU
	EndGlobalSection
	GlobalSection(ProjectConfigurationPlatforms) = postSolution
		{46F85A07-D045-4D26-9114-73B93855CD0E}.Debug|Any CPU.ActiveCfg = Debug|Any CPU
		{46F85A07-D045-4D26-9114-73B93855CD0E}.Debug|Any CPU.Build.0 = Debug|Any CPU
		{46F85A07-D045-4D26-9114-73B93855CD0E}.Release|Any CPU.ActiveCfg = Release|Any CPU
		{46F85A07-D045-4D26-9114-73B93855CD0E}.Release|Any CPU.Build.0 = Release|Any CPU
	EndGlobalSection
	GlobalSection(SolutionProperties) = preSolution
		HideSolutionNode = FALSE
	EndGlobalSection
	GlobalSection(ExtensibilityGlobals) = postSolution
		SolutionGuid = {8E9EB310-C3F0-4439-B56C-D8D20F130DEC}
	EndGlobalSection
EndGlobal
