
Microsoft Visual Studio Solution File, Format Version 12.00
# Visual Studio Version 17
VisualStudioVersion = 17.4.33205.214
MinimumVisualStudioVersion = 10.0.40219.1
Project("{FAE04EC0-301F-11D3-BF4B-00C04F79EFBC}") = "DictionaryPractice", "DictionaryPractice.csproj", "{1EA4ED0D-6458-41D7-B4C7-1EF7D1520481}"
EndProject
Global
	GlobalSection(SolutionConfigurationPlatforms) = preSolution
		Debug|Any CPU = Debug|Any CPU
		Release|Any CPU = Release|Any CPU
	EndGlobalSection
	GlobalSection(ProjectConfigurationPlatforms) = postSolution
		{1EA4ED0D-6458-41D7-B4C7-1EF7D1520481}.Debug|Any CPU.ActiveCfg = Debug|Any CPU
		{1EA4ED0D-6458-41D7-B4C7-1EF7D1520481}.Debug|Any CPU.Build.0 = Debug|Any CPU
		{1EA4ED0D-6458-41D7-B4C7-1EF7D1520481}.Release|Any CPU.ActiveCfg = Release|Any CPU
		{1EA4ED0D-6458-41D7-B4C7-1EF7D1520481}.Release|Any CPU.Build.0 = Release|Any CPU
	EndGlobalSection
	GlobalSection(SolutionProperties) = preSolution
		HideSolutionNode = FALSE
	EndGlobalSection
	GlobalSection(ExtensibilityGlobals) = postSolution
		SolutionGuid = {978D7D34-9B6B-4B4D-ACA4-D24BDED30656}
	EndGlobalSection
EndGlobal
