
Microsoft Visual Studio Solution File, Format Version 12.00
# Visual Studio Version 17
VisualStudioVersion = 17.4.33213.308
MinimumVisualStudioVersion = 10.0.40219.1
Project("{FAE04EC0-301F-11D3-BF4B-00C04F79EFBC}") = "AbstractClass-Ex", "AbstractClass-Ex.csproj", "{FAA25DA2-4C31-4D44-B586-60C66F82B435}"
EndProject
Global
	GlobalSection(SolutionConfigurationPlatforms) = preSolution
		Debug|Any CPU = Debug|Any CPU
		Release|Any CPU = Release|Any CPU
	EndGlobalSection
	GlobalSection(ProjectConfigurationPlatforms) = postSolution
		{FAA25DA2-4C31-4D44-B586-60C66F82B435}.Debug|Any CPU.ActiveCfg = Debug|Any CPU
		{FAA25DA2-4C31-4D44-B586-60C66F82B435}.Debug|Any CPU.Build.0 = Debug|Any CPU
		{FAA25DA2-4C31-4D44-B586-60C66F82B435}.Release|Any CPU.ActiveCfg = Release|Any CPU
		{FAA25DA2-4C31-4D44-B586-60C66F82B435}.Release|Any CPU.Build.0 = Release|Any CPU
	EndGlobalSection
	GlobalSection(SolutionProperties) = preSolution
		HideSolutionNode = FALSE
	EndGlobalSection
	GlobalSection(ExtensibilityGlobals) = postSolution
		SolutionGuid = {0E0DEA0F-EE43-4BE8-9D78-7BCE2047D535}
	EndGlobalSection
EndGlobal
