
Microsoft Visual Studio Solution File, Format Version 12.00
# Visual Studio Version 17
VisualStudioVersion = 17.4.33205.214
MinimumVisualStudioVersion = 10.0.40219.1
Project("{FAE04EC0-301F-11D3-BF4B-00C04F79EFBC}") = "Hi-Lo", "Hi-Lo.csproj", "{A2276E0F-728B-41AD-B43D-9B3A582490EE}"
EndProject
Global
	GlobalSection(SolutionConfigurationPlatforms) = preSolution
		Debug|Any CPU = Debug|Any CPU
		Release|Any CPU = Release|Any CPU
	EndGlobalSection
	GlobalSection(ProjectConfigurationPlatforms) = postSolution
		{A2276E0F-728B-41AD-B43D-9B3A582490EE}.Debug|Any CPU.ActiveCfg = Debug|Any CPU
		{A2276E0F-728B-41AD-B43D-9B3A582490EE}.Debug|Any CPU.Build.0 = Debug|Any CPU
		{A2276E0F-728B-41AD-B43D-9B3A582490EE}.Release|Any CPU.ActiveCfg = Release|Any CPU
		{A2276E0F-728B-41AD-B43D-9B3A582490EE}.Release|Any CPU.Build.0 = Release|Any CPU
	EndGlobalSection
	GlobalSection(SolutionProperties) = preSolution
		HideSolutionNode = FALSE
	EndGlobalSection
	GlobalSection(ExtensibilityGlobals) = postSolution
		SolutionGuid = {D6A69D45-5C89-45D3-9539-2727812B0957}
	EndGlobalSection
EndGlobal
