
Microsoft Visual Studio Solution File, Format Version 12.00
# Visual Studio Version 17
VisualStudioVersion = 17.4.33213.308
MinimumVisualStudioVersion = 10.0.40219.1
Project("{FAE04EC0-301F-11D3-BF4B-00C04F79EFBC}") = "Pg376Animals", "Pg376Animals.csproj", "{24A838F5-63C9-4B4F-9856-E690227D04D3}"
EndProject
Global
	GlobalSection(SolutionConfigurationPlatforms) = preSolution
		Debug|Any CPU = Debug|Any CPU
		Release|Any CPU = Release|Any CPU
	EndGlobalSection
	GlobalSection(ProjectConfigurationPlatforms) = postSolution
		{24A838F5-63C9-4B4F-9856-E690227D04D3}.Debug|Any CPU.ActiveCfg = Debug|Any CPU
		{24A838F5-63C9-4B4F-9856-E690227D04D3}.Debug|Any CPU.Build.0 = Debug|Any CPU
		{24A838F5-63C9-4B4F-9856-E690227D04D3}.Release|Any CPU.ActiveCfg = Release|Any CPU
		{24A838F5-63C9-4B4F-9856-E690227D04D3}.Release|Any CPU.Build.0 = Release|Any CPU
	EndGlobalSection
	GlobalSection(SolutionProperties) = preSolution
		HideSolutionNode = FALSE
	EndGlobalSection
	GlobalSection(ExtensibilityGlobals) = postSolution
		SolutionGuid = {B4917840-BC96-496A-B9ED-99D1BFA435DE}
	EndGlobalSection
EndGlobal
